
Microsoft Visual Studio Solution File, Format Version 12.00
# Visual Studio Version 17
VisualStudioVersion = 17.5.33424.131
MinimumVisualStudioVersion = 10.0.40219.1
Project("{9A19103F-16F7-4668-BE54-9A1E7A4F7556}") = "ManageCategoriesApp", "ManageCategoriesApp.csproj", "{51821E4E-229C-480E-B41D-D9E7E235E5C0}"
EndProject
Global
	GlobalSection(SolutionConfigurationPlatforms) = preSolution
		Debug|Any CPU = Debug|Any CPU
		Release|Any CPU = Release|Any CPU
	EndGlobalSection
	GlobalSection(ProjectConfigurationPlatforms) = postSolution
		{51821E4E-229C-480E-B41D-D9E7E235E5C0}.Debug|Any CPU.ActiveCfg = Debug|Any CPU
		{51821E4E-229C-480E-B41D-D9E7E235E5C0}.Debug|Any CPU.Build.0 = Debug|Any CPU
		{51821E4E-229C-480E-B41D-D9E7E235E5C0}.Release|Any CPU.ActiveCfg = Release|Any CPU
		{51821E4E-229C-480E-B41D-D9E7E235E5C0}.Release|Any CPU.Build.0 = Release|Any CPU
	EndGlobalSection
	GlobalSection(SolutionProperties) = preSolution
		HideSolutionNode = FALSE
	EndGlobalSection
	GlobalSection(ExtensibilityGlobals) = postSolution
		SolutionGuid = {CDCCE801-7047-4C3E-B3C2-C82EFA19C539}
	EndGlobalSection
EndGlobal
